
Microsoft Visual Studio Solution File, Format Version 12.00
# Visual Studio 15
Project("{FAE04EC0-301F-11D3-BF4B-00C04F79EFBC}") = "Assembly-CSharp", "Assembly-CSharp.csproj", "{B1D2536C-4D83-8EC9-630C-60290FBB9594}"
EndProject
Project("{FAE04EC0-301F-11D3-BF4B-00C04F79EFBC}") = "PowerEditor", "PowerEditor.csproj", "{7E2FCEF2-09E0-56CB-DF27-956D04102DA1}"
EndProject
Project("{FAE04EC0-301F-11D3-BF4B-00C04F79EFBC}") = "PowerEditor.Editor", "PowerEditor.Editor.csproj", "{8780F048-C1F5-220B-F764-5AA44FEF32AF}"
EndProject
Global
	GlobalSection(SolutionConfigurationPlatforms) = preSolution
		Debug|Any CPU = Debug|Any CPU
		Release|Any CPU = Release|Any CPU
	EndGlobalSection
	GlobalSection(ProjectConfigurationPlatforms) = postSolution
		{B1D2536C-4D83-8EC9-630C-60290FBB9594}.Debug|Any CPU.ActiveCfg = Debug|Any CPU
		{B1D2536C-4D83-8EC9-630C-60290FBB9594}.Debug|Any CPU.Build.0 = Debug|Any CPU
		{B1D2536C-4D83-8EC9-630C-60290FBB9594}.Release|Any CPU.ActiveCfg = Release|Any CPU
		{B1D2536C-4D83-8EC9-630C-60290FBB9594}.Release|Any CPU.Build.0 = Release|Any CPU
		{7E2FCEF2-09E0-56CB-DF27-956D04102DA1}.Debug|Any CPU.ActiveCfg = Debug|Any CPU
		{7E2FCEF2-09E0-56CB-DF27-956D04102DA1}.Debug|Any CPU.Build.0 = Debug|Any CPU
		{7E2FCEF2-09E0-56CB-DF27-956D04102DA1}.Release|Any CPU.ActiveCfg = Release|Any CPU
		{7E2FCEF2-09E0-56CB-DF27-956D04102DA1}.Release|Any CPU.Build.0 = Release|Any CPU
		{8780F048-C1F5-220B-F764-5AA44FEF32AF}.Debug|Any CPU.ActiveCfg = Debug|Any CPU
		{8780F048-C1F5-220B-F764-5AA44FEF32AF}.Debug|Any CPU.Build.0 = Debug|Any CPU
		{8780F048-C1F5-220B-F764-5AA44FEF32AF}.Release|Any CPU.ActiveCfg = Release|Any CPU
		{8780F048-C1F5-220B-F764-5AA44FEF32AF}.Release|Any CPU.Build.0 = Release|Any CPU
	EndGlobalSection
	GlobalSection(SolutionProperties) = preSolution
		HideSolutionNode = FALSE
	EndGlobalSection
EndGlobal
